
Microsoft Visual Studio Solution File, Format Version 12.00
# Visual Studio 15
VisualStudioVersion = 15.0.27130.2036
MinimumVisualStudioVersion = 10.0.40219.1
Project("{9A19103F-16F7-4668-BE54-9A1E7A4F7556}") = "LC.RA.Location.Api", "LC.RA.Synchronization.Api\LC.RA.Location.Api.csproj", "{14DCFE5E-8E95-4BBB-A524-212B936554BF}"
EndProject
Project("{2150E333-8FDC-42A3-9474-1A3956D46DE8}") = "Shared", "Shared", "{826A6191-BC9A-4438-9EC1-D3CF8EDC08D5}"
EndProject
Project("{9A19103F-16F7-4668-BE54-9A1E7A4F7556}") = "LC.ServiceBusAdapter", "..\..\Shared\LC.ServiceBusAdapter\LC.ServiceBusAdapter.csproj", "{BC909733-69E3-4289-92CD-F53BA8E7DE9D}"
EndProject
Project("{9A19103F-16F7-4668-BE54-9A1E7A4F7556}") = "LC.ServiceBusAdapter.Abstractions", "..\..\Shared\LC.ServiceBusAdapter.Abstractions\LC.ServiceBusAdapter.Abstractions.csproj", "{B9F6A2EA-2733-472E-9085-0C784D8F7429}"
EndProject
Project("{9A19103F-16F7-4668-BE54-9A1E7A4F7556}") = "LC.RA.Location.Api.Tests", "LC.RA.Synchronization.Api.Tests\LC.RA.Location.Api.Tests.csproj", "{703A53EB-3E5E-4583-8AEA-1B9CA2F67F93}"
EndProject
Project("{9A19103F-16F7-4668-BE54-9A1E7A4F7556}") = "LC.RA.TransferObjects", "..\..\Shared\LC.RA.TransferObjects\LC.RA.TransferObjects.csproj", "{24E65493-98E3-4CDB-9451-7D8C7790EF81}"
EndProject
Project("{9A19103F-16F7-4668-BE54-9A1E7A4F7556}") = "LC.RA.Utilities", "..\..\Shared\LC.RA.Utilities\LC.RA.Utilities.csproj", "{DAB565F3-FDCE-4EA0-A66F-CACA660875E0}"
EndProject
Project("{9A19103F-16F7-4668-BE54-9A1E7A4F7556}") = "LC.RA.Utilities.Tests", "..\..\Shared\LC.RA.Utilities.Tests\LC.RA.Utilities.Tests.csproj", "{DE6B70E9-B464-4B68-A1BD-C715D76ECB77}"
EndProject
Global
	GlobalSection(SolutionConfigurationPlatforms) = preSolution
		Debug|Any CPU = Debug|Any CPU
		Release|Any CPU = Release|Any CPU
	EndGlobalSection
	GlobalSection(ProjectConfigurationPlatforms) = postSolution
		{14DCFE5E-8E95-4BBB-A524-212B936554BF}.Debug|Any CPU.ActiveCfg = Debug|Any CPU
		{14DCFE5E-8E95-4BBB-A524-212B936554BF}.Debug|Any CPU.Build.0 = Debug|Any CPU
		{14DCFE5E-8E95-4BBB-A524-212B936554BF}.Release|Any CPU.ActiveCfg = Release|Any CPU
		{14DCFE5E-8E95-4BBB-A524-212B936554BF}.Release|Any CPU.Build.0 = Release|Any CPU
		{BC909733-69E3-4289-92CD-F53BA8E7DE9D}.Debug|Any CPU.ActiveCfg = Debug|Any CPU
		{BC909733-69E3-4289-92CD-F53BA8E7DE9D}.Debug|Any CPU.Build.0 = Debug|Any CPU
		{BC909733-69E3-4289-92CD-F53BA8E7DE9D}.Release|Any CPU.ActiveCfg = Release|Any CPU
		{BC909733-69E3-4289-92CD-F53BA8E7DE9D}.Release|Any CPU.Build.0 = Release|Any CPU
		{B9F6A2EA-2733-472E-9085-0C784D8F7429}.Debug|Any CPU.ActiveCfg = Debug|Any CPU
		{B9F6A2EA-2733-472E-9085-0C784D8F7429}.Debug|Any CPU.Build.0 = Debug|Any CPU
		{B9F6A2EA-2733-472E-9085-0C784D8F7429}.Release|Any CPU.ActiveCfg = Release|Any CPU
		{B9F6A2EA-2733-472E-9085-0C784D8F7429}.Release|Any CPU.Build.0 = Release|Any CPU
		{703A53EB-3E5E-4583-8AEA-1B9CA2F67F93}.Debug|Any CPU.ActiveCfg = Debug|Any CPU
		{703A53EB-3E5E-4583-8AEA-1B9CA2F67F93}.Debug|Any CPU.Build.0 = Debug|Any CPU
		{703A53EB-3E5E-4583-8AEA-1B9CA2F67F93}.Release|Any CPU.ActiveCfg = Release|Any CPU
		{703A53EB-3E5E-4583-8AEA-1B9CA2F67F93}.Release|Any CPU.Build.0 = Release|Any CPU
		{24E65493-98E3-4CDB-9451-7D8C7790EF81}.Debug|Any CPU.ActiveCfg = Debug|Any CPU
		{24E65493-98E3-4CDB-9451-7D8C7790EF81}.Debug|Any CPU.Build.0 = Debug|Any CPU
		{24E65493-98E3-4CDB-9451-7D8C7790EF81}.Release|Any CPU.ActiveCfg = Release|Any CPU
		{24E65493-98E3-4CDB-9451-7D8C7790EF81}.Release|Any CPU.Build.0 = Release|Any CPU
		{DAB565F3-FDCE-4EA0-A66F-CACA660875E0}.Debug|Any CPU.ActiveCfg = Debug|Any CPU
		{DAB565F3-FDCE-4EA0-A66F-CACA660875E0}.Debug|Any CPU.Build.0 = Debug|Any CPU
		{DAB565F3-FDCE-4EA0-A66F-CACA660875E0}.Release|Any CPU.ActiveCfg = Release|Any CPU
		{DAB565F3-FDCE-4EA0-A66F-CACA660875E0}.Release|Any CPU.Build.0 = Release|Any CPU
		{DE6B70E9-B464-4B68-A1BD-C715D76ECB77}.Debug|Any CPU.ActiveCfg = Debug|Any CPU
		{DE6B70E9-B464-4B68-A1BD-C715D76ECB77}.Debug|Any CPU.Build.0 = Debug|Any CPU
		{DE6B70E9-B464-4B68-A1BD-C715D76ECB77}.Release|Any CPU.ActiveCfg = Release|Any CPU
		{DE6B70E9-B464-4B68-A1BD-C715D76ECB77}.Release|Any CPU.Build.0 = Release|Any CPU
	EndGlobalSection
	GlobalSection(SolutionProperties) = preSolution
		HideSolutionNode = FALSE
	EndGlobalSection
	GlobalSection(NestedProjects) = preSolution
		{BC909733-69E3-4289-92CD-F53BA8E7DE9D} = {826A6191-BC9A-4438-9EC1-D3CF8EDC08D5}
		{B9F6A2EA-2733-472E-9085-0C784D8F7429} = {826A6191-BC9A-4438-9EC1-D3CF8EDC08D5}
		{24E65493-98E3-4CDB-9451-7D8C7790EF81} = {826A6191-BC9A-4438-9EC1-D3CF8EDC08D5}
		{DAB565F3-FDCE-4EA0-A66F-CACA660875E0} = {826A6191-BC9A-4438-9EC1-D3CF8EDC08D5}
		{DE6B70E9-B464-4B68-A1BD-C715D76ECB77} = {826A6191-BC9A-4438-9EC1-D3CF8EDC08D5}
	EndGlobalSection
	GlobalSection(ExtensibilityGlobals) = postSolution
		SolutionGuid = {A0CC8321-9C85-470D-B226-130580731E87}
	EndGlobalSection
EndGlobal
