
Microsoft Visual Studio Solution File, Format Version 12.00
# Visual Studio Version 16
VisualStudioVersion = 16.0.29102.190
MinimumVisualStudioVersion = 10.0.40219.1
Project("{9A19103F-16F7-4668-BE54-9A1E7A4F7556}") = "ReviewApp.Location.Api", "ReviewApp.Location.Api\ReviewApp.Location.Api.csproj", "{14DCFE5E-8E95-4BBB-A524-212B936554BF}"
EndProject
Project("{2150E333-8FDC-42A3-9474-1A3956D46DE8}") = "Shared", "Shared", "{826A6191-BC9A-4438-9EC1-D3CF8EDC08D5}"
EndProject
Project("{9A19103F-16F7-4668-BE54-9A1E7A4F7556}") = "ReviewApp.ServiceBusAdapter", "..\..\Shared\ReviewApp.ServiceBusAdapter\ReviewApp.ServiceBusAdapter.csproj", "{BC909733-69E3-4289-92CD-F53BA8E7DE9D}"
EndProject
Project("{9A19103F-16F7-4668-BE54-9A1E7A4F7556}") = "ReviewApp.ServiceBusAdapter.Abstractions", "..\..\Shared\ReviewApp.ServiceBusAdapter.Abstractions\ReviewApp.ServiceBusAdapter.Abstractions.csproj", "{B9F6A2EA-2733-472E-9085-0C784D8F7429}"
EndProject
Project("{9A19103F-16F7-4668-BE54-9A1E7A4F7556}") = "ReviewApp.TransferObjects", "..\..\Shared\ReviewApp.TransferObjects\ReviewApp.TransferObjects.csproj", "{24E65493-98E3-4CDB-9451-7D8C7790EF81}"
EndProject
Project("{9A19103F-16F7-4668-BE54-9A1E7A4F7556}") = "ReviewApp.Utilities", "..\..\Shared\ReviewApp.Utilities\ReviewApp.Utilities.csproj", "{DAB565F3-FDCE-4EA0-A66F-CACA660875E0}"
EndProject
Project("{9A19103F-16F7-4668-BE54-9A1E7A4F7556}") = "ReviewApp.Utilities.Tests", "..\..\Shared\ReviewApp.Utilities.Tests\ReviewApp.Utilities.Tests.csproj", "{DE6B70E9-B464-4B68-A1BD-C715D76ECB77}"
EndProject
Project("{9A19103F-16F7-4668-BE54-9A1E7A4F7556}") = "ReviewApp.Location.Core", "ReviewApp.Location.Core\ReviewApp.Location.Core.csproj", "{7EEA0FE3-C642-4B20-95FE-297BED4ED63E}"
EndProject
Project("{9A19103F-16F7-4668-BE54-9A1E7A4F7556}") = "ReviewApp.Location.Infrastructure", "ReviewApp.Location.Infrastructure\ReviewApp.Location.Infrastructure.csproj", "{F7AF0319-7DB8-4601-BF9E-F33C321A56CF}"
EndProject
Project("{9A19103F-16F7-4668-BE54-9A1E7A4F7556}") = "ReviewApp.Location.Tests", "ReviewApp.Location.Tests\ReviewApp.Location.Tests.csproj", "{7B734D0E-D945-4421-96B3-7864887BD8B5}"
EndProject
Project("{9A19103F-16F7-4668-BE54-9A1E7A4F7556}") = "ReviewApp.Api.Infrastructure", "..\..\Shared\ReviewApp.Api.Infrastructure\ReviewApp.Api.Infrastructure.csproj", "{082A08C7-83DD-46BC-8DFB-2D2B476F552C}"
EndProject
Global
	GlobalSection(SolutionConfigurationPlatforms) = preSolution
		Debug|Any CPU = Debug|Any CPU
		Release|Any CPU = Release|Any CPU
		ReleaseWithoutDocker|Any CPU = ReleaseWithoutDocker|Any CPU
	EndGlobalSection
	GlobalSection(ProjectConfigurationPlatforms) = postSolution
		{14DCFE5E-8E95-4BBB-A524-212B936554BF}.Debug|Any CPU.ActiveCfg = Debug|Any CPU
		{14DCFE5E-8E95-4BBB-A524-212B936554BF}.Debug|Any CPU.Build.0 = Debug|Any CPU
		{14DCFE5E-8E95-4BBB-A524-212B936554BF}.Release|Any CPU.ActiveCfg = Release|Any CPU
		{14DCFE5E-8E95-4BBB-A524-212B936554BF}.Release|Any CPU.Build.0 = Release|Any CPU
		{14DCFE5E-8E95-4BBB-A524-212B936554BF}.ReleaseWithoutDocker|Any CPU.ActiveCfg = ReleaseWithoutDocker|Any CPU
		{14DCFE5E-8E95-4BBB-A524-212B936554BF}.ReleaseWithoutDocker|Any CPU.Build.0 = ReleaseWithoutDocker|Any CPU
		{BC909733-69E3-4289-92CD-F53BA8E7DE9D}.Debug|Any CPU.ActiveCfg = Debug|Any CPU
		{BC909733-69E3-4289-92CD-F53BA8E7DE9D}.Debug|Any CPU.Build.0 = Debug|Any CPU
		{BC909733-69E3-4289-92CD-F53BA8E7DE9D}.Release|Any CPU.ActiveCfg = Release|Any CPU
		{BC909733-69E3-4289-92CD-F53BA8E7DE9D}.Release|Any CPU.Build.0 = Release|Any CPU
		{BC909733-69E3-4289-92CD-F53BA8E7DE9D}.ReleaseWithoutDocker|Any CPU.ActiveCfg = ReleaseWithoutDocker|Any CPU
		{BC909733-69E3-4289-92CD-F53BA8E7DE9D}.ReleaseWithoutDocker|Any CPU.Build.0 = ReleaseWithoutDocker|Any CPU
		{B9F6A2EA-2733-472E-9085-0C784D8F7429}.Debug|Any CPU.ActiveCfg = Debug|Any CPU
		{B9F6A2EA-2733-472E-9085-0C784D8F7429}.Debug|Any CPU.Build.0 = Debug|Any CPU
		{B9F6A2EA-2733-472E-9085-0C784D8F7429}.Release|Any CPU.ActiveCfg = Release|Any CPU
		{B9F6A2EA-2733-472E-9085-0C784D8F7429}.Release|Any CPU.Build.0 = Release|Any CPU
		{B9F6A2EA-2733-472E-9085-0C784D8F7429}.ReleaseWithoutDocker|Any CPU.ActiveCfg = ReleaseWithoutDocker|Any CPU
		{B9F6A2EA-2733-472E-9085-0C784D8F7429}.ReleaseWithoutDocker|Any CPU.Build.0 = ReleaseWithoutDocker|Any CPU
		{24E65493-98E3-4CDB-9451-7D8C7790EF81}.Debug|Any CPU.ActiveCfg = Debug|Any CPU
		{24E65493-98E3-4CDB-9451-7D8C7790EF81}.Debug|Any CPU.Build.0 = Debug|Any CPU
		{24E65493-98E3-4CDB-9451-7D8C7790EF81}.Release|Any CPU.ActiveCfg = Release|Any CPU
		{24E65493-98E3-4CDB-9451-7D8C7790EF81}.Release|Any CPU.Build.0 = Release|Any CPU
		{24E65493-98E3-4CDB-9451-7D8C7790EF81}.ReleaseWithoutDocker|Any CPU.ActiveCfg = ReleaseWithoutDocker|Any CPU
		{24E65493-98E3-4CDB-9451-7D8C7790EF81}.ReleaseWithoutDocker|Any CPU.Build.0 = ReleaseWithoutDocker|Any CPU
		{DAB565F3-FDCE-4EA0-A66F-CACA660875E0}.Debug|Any CPU.ActiveCfg = Debug|Any CPU
		{DAB565F3-FDCE-4EA0-A66F-CACA660875E0}.Debug|Any CPU.Build.0 = Debug|Any CPU
		{DAB565F3-FDCE-4EA0-A66F-CACA660875E0}.Release|Any CPU.ActiveCfg = Release|Any CPU
		{DAB565F3-FDCE-4EA0-A66F-CACA660875E0}.Release|Any CPU.Build.0 = Release|Any CPU
		{DAB565F3-FDCE-4EA0-A66F-CACA660875E0}.ReleaseWithoutDocker|Any CPU.ActiveCfg = ReleaseWithoutDocker|Any CPU
		{DAB565F3-FDCE-4EA0-A66F-CACA660875E0}.ReleaseWithoutDocker|Any CPU.Build.0 = ReleaseWithoutDocker|Any CPU
		{DE6B70E9-B464-4B68-A1BD-C715D76ECB77}.Debug|Any CPU.ActiveCfg = Debug|Any CPU
		{DE6B70E9-B464-4B68-A1BD-C715D76ECB77}.Debug|Any CPU.Build.0 = Debug|Any CPU
		{DE6B70E9-B464-4B68-A1BD-C715D76ECB77}.Release|Any CPU.ActiveCfg = Release|Any CPU
		{DE6B70E9-B464-4B68-A1BD-C715D76ECB77}.Release|Any CPU.Build.0 = Release|Any CPU
		{DE6B70E9-B464-4B68-A1BD-C715D76ECB77}.ReleaseWithoutDocker|Any CPU.ActiveCfg = ReleaseWithoutDocker|Any CPU
		{DE6B70E9-B464-4B68-A1BD-C715D76ECB77}.ReleaseWithoutDocker|Any CPU.Build.0 = ReleaseWithoutDocker|Any CPU
		{7EEA0FE3-C642-4B20-95FE-297BED4ED63E}.Debug|Any CPU.ActiveCfg = Debug|Any CPU
		{7EEA0FE3-C642-4B20-95FE-297BED4ED63E}.Debug|Any CPU.Build.0 = Debug|Any CPU
		{7EEA0FE3-C642-4B20-95FE-297BED4ED63E}.Release|Any CPU.ActiveCfg = Release|Any CPU
		{7EEA0FE3-C642-4B20-95FE-297BED4ED63E}.Release|Any CPU.Build.0 = Release|Any CPU
		{7EEA0FE3-C642-4B20-95FE-297BED4ED63E}.ReleaseWithoutDocker|Any CPU.ActiveCfg = ReleaseWithoutDocker|Any CPU
		{7EEA0FE3-C642-4B20-95FE-297BED4ED63E}.ReleaseWithoutDocker|Any CPU.Build.0 = ReleaseWithoutDocker|Any CPU
		{F7AF0319-7DB8-4601-BF9E-F33C321A56CF}.Debug|Any CPU.ActiveCfg = Debug|Any CPU
		{F7AF0319-7DB8-4601-BF9E-F33C321A56CF}.Debug|Any CPU.Build.0 = Debug|Any CPU
		{F7AF0319-7DB8-4601-BF9E-F33C321A56CF}.Release|Any CPU.ActiveCfg = Release|Any CPU
		{F7AF0319-7DB8-4601-BF9E-F33C321A56CF}.Release|Any CPU.Build.0 = Release|Any CPU
		{F7AF0319-7DB8-4601-BF9E-F33C321A56CF}.ReleaseWithoutDocker|Any CPU.ActiveCfg = ReleaseWithoutDocker|Any CPU
		{F7AF0319-7DB8-4601-BF9E-F33C321A56CF}.ReleaseWithoutDocker|Any CPU.Build.0 = ReleaseWithoutDocker|Any CPU
		{7B734D0E-D945-4421-96B3-7864887BD8B5}.Debug|Any CPU.ActiveCfg = Debug|Any CPU
		{7B734D0E-D945-4421-96B3-7864887BD8B5}.Debug|Any CPU.Build.0 = Debug|Any CPU
		{7B734D0E-D945-4421-96B3-7864887BD8B5}.Release|Any CPU.ActiveCfg = Release|Any CPU
		{7B734D0E-D945-4421-96B3-7864887BD8B5}.Release|Any CPU.Build.0 = Release|Any CPU
		{7B734D0E-D945-4421-96B3-7864887BD8B5}.ReleaseWithoutDocker|Any CPU.ActiveCfg = ReleaseWithoutDocker|Any CPU
		{7B734D0E-D945-4421-96B3-7864887BD8B5}.ReleaseWithoutDocker|Any CPU.Build.0 = ReleaseWithoutDocker|Any CPU
		{082A08C7-83DD-46BC-8DFB-2D2B476F552C}.Debug|Any CPU.ActiveCfg = Debug|Any CPU
		{082A08C7-83DD-46BC-8DFB-2D2B476F552C}.Debug|Any CPU.Build.0 = Debug|Any CPU
		{082A08C7-83DD-46BC-8DFB-2D2B476F552C}.Release|Any CPU.ActiveCfg = Release|Any CPU
		{082A08C7-83DD-46BC-8DFB-2D2B476F552C}.Release|Any CPU.Build.0 = Release|Any CPU
		{082A08C7-83DD-46BC-8DFB-2D2B476F552C}.ReleaseWithoutDocker|Any CPU.ActiveCfg = ReleaseWithoutDocker|Any CPU
		{082A08C7-83DD-46BC-8DFB-2D2B476F552C}.ReleaseWithoutDocker|Any CPU.Build.0 = ReleaseWithoutDocker|Any CPU
	EndGlobalSection
	GlobalSection(SolutionProperties) = preSolution
		HideSolutionNode = FALSE
	EndGlobalSection
	GlobalSection(NestedProjects) = preSolution
		{BC909733-69E3-4289-92CD-F53BA8E7DE9D} = {826A6191-BC9A-4438-9EC1-D3CF8EDC08D5}
		{B9F6A2EA-2733-472E-9085-0C784D8F7429} = {826A6191-BC9A-4438-9EC1-D3CF8EDC08D5}
		{24E65493-98E3-4CDB-9451-7D8C7790EF81} = {826A6191-BC9A-4438-9EC1-D3CF8EDC08D5}
		{DAB565F3-FDCE-4EA0-A66F-CACA660875E0} = {826A6191-BC9A-4438-9EC1-D3CF8EDC08D5}
		{DE6B70E9-B464-4B68-A1BD-C715D76ECB77} = {826A6191-BC9A-4438-9EC1-D3CF8EDC08D5}
		{082A08C7-83DD-46BC-8DFB-2D2B476F552C} = {826A6191-BC9A-4438-9EC1-D3CF8EDC08D5}
	EndGlobalSection
	GlobalSection(ExtensibilityGlobals) = postSolution
		SolutionGuid = {A0CC8321-9C85-470D-B226-130580731E87}
	EndGlobalSection
EndGlobal
