
Microsoft Visual Studio Solution File, Format Version 12.00
# Visual Studio 15
VisualStudioVersion = 15.0.27130.2027
MinimumVisualStudioVersion = 10.0.40219.1
Project("{9A19103F-16F7-4668-BE54-9A1E7A4F7556}") = "LC.RA.WebApi", "LC.RA.Web.Api\LC.RA.WebApi.csproj", "{AAD294B9-8A07-46AA-9650-19BB29301864}"
EndProject
Project("{9A19103F-16F7-4668-BE54-9A1E7A4F7556}") = "LC.RA.WebApi.Core", "LC.RA.Web.Core\LC.RA.WebApi.Core.csproj", "{CF0C91FA-8468-4791-BFBA-698D5B68368B}"
EndProject
Project("{9A19103F-16F7-4668-BE54-9A1E7A4F7556}") = "LC.RA.WebApi.Services", "LC.RA.Web.Services\LC.RA.WebApi.Services.csproj", "{AD9AA492-418E-44BE-8BB0-682ACEE2EEA0}"
EndProject
Project("{9A19103F-16F7-4668-BE54-9A1E7A4F7556}") = "LC.RA.WebApi.DataAccess", "LC.RA.Web.DataAccess\LC.RA.WebApi.DataAccess.csproj", "{9D40DA4A-7CAC-4974-97AD-FC73657CC13D}"
EndProject
Project("{9A19103F-16F7-4668-BE54-9A1E7A4F7556}") = "LC.RA.WebApi.Services.Tests", "LC.RA.Web.Services.Tests\LC.RA.WebApi.Services.Tests.csproj", "{518A0B09-DE34-49E9-AB49-75CF8F267C4D}"
EndProject
Project("{9A19103F-16F7-4668-BE54-9A1E7A4F7556}") = "LC.RA.WebApi.Tests", "LC.RA.WebApi.Tests\LC.RA.Web.Api.Tests.csproj", "{48A94751-8CAD-447E-A4CA-7D5F6A0A532A}"
EndProject
Project("{9A19103F-16F7-4668-BE54-9A1E7A4F7556}") = "LC.RA.WebApi.DataAccess.Tests", "LC.RA.Web.DataAccess.Tests\LC.RA.WebApi.DataAccess.Tests.csproj", "{EA446D6A-BE3A-4AAF-8E94-CFAB45F1B5F5}"
EndProject
Project("{9A19103F-16F7-4668-BE54-9A1E7A4F7556}") = "LC.RA.WebApi.Core.Tests", "LC.RA.Web.Core.Tests\LC.RA.WebApi.Core.Tests.csproj", "{B194DE7F-DD36-418B-AC55-593BE0893905}"
EndProject
Project("{2150E333-8FDC-42A3-9474-1A3956D46DE8}") = "Shared", "Shared", "{D472833A-0D57-4D98-A8AC-FB56DD6409B7}"
EndProject
Project("{9A19103F-16F7-4668-BE54-9A1E7A4F7556}") = "LC.ServiceBusAdapter", "..\Shared\LC.ServiceBusAdapter\LC.ServiceBusAdapter.csproj", "{EFDD1278-51D1-4090-B70E-3794DEBB30AF}"
EndProject
Project("{9A19103F-16F7-4668-BE54-9A1E7A4F7556}") = "LC.ServiceBusAdapter.Abstractions", "..\Shared\LC.ServiceBusAdapter.Abstractions\LC.ServiceBusAdapter.Abstractions.csproj", "{24CC3C84-B2F1-4906-BCE7-D6FC451F5210}"
EndProject
Project("{9A19103F-16F7-4668-BE54-9A1E7A4F7556}") = "LC.RA.TransferObjects", "..\Shared\LC.RA.TransferObjects\LC.RA.TransferObjects.csproj", "{CE0314B8-DD85-450F-8989-B391ED3C097F}"
EndProject
Project("{9A19103F-16F7-4668-BE54-9A1E7A4F7556}") = "LC.RA.Utilities", "..\Shared\LC.RA.Utilities\LC.RA.Utilities.csproj", "{3EE66D32-DF68-43CA-99FE-10CA6D09543A}"
EndProject
Project("{9A19103F-16F7-4668-BE54-9A1E7A4F7556}") = "LC.RA.Utilities.Tests", "..\Shared\LC.RA.Utilities.Tests\LC.RA.Utilities.Tests.csproj", "{507118CA-EFEB-409E-BFAD-97AE6452B26D}"
EndProject
Global
	GlobalSection(SolutionConfigurationPlatforms) = preSolution
		Debug|Any CPU = Debug|Any CPU
		Release|Any CPU = Release|Any CPU
	EndGlobalSection
	GlobalSection(ProjectConfigurationPlatforms) = postSolution
		{AAD294B9-8A07-46AA-9650-19BB29301864}.Debug|Any CPU.ActiveCfg = Debug|Any CPU
		{AAD294B9-8A07-46AA-9650-19BB29301864}.Debug|Any CPU.Build.0 = Debug|Any CPU
		{AAD294B9-8A07-46AA-9650-19BB29301864}.Release|Any CPU.ActiveCfg = Release|Any CPU
		{AAD294B9-8A07-46AA-9650-19BB29301864}.Release|Any CPU.Build.0 = Release|Any CPU
		{CF0C91FA-8468-4791-BFBA-698D5B68368B}.Debug|Any CPU.ActiveCfg = Debug|Any CPU
		{CF0C91FA-8468-4791-BFBA-698D5B68368B}.Debug|Any CPU.Build.0 = Debug|Any CPU
		{CF0C91FA-8468-4791-BFBA-698D5B68368B}.Release|Any CPU.ActiveCfg = Release|Any CPU
		{CF0C91FA-8468-4791-BFBA-698D5B68368B}.Release|Any CPU.Build.0 = Release|Any CPU
		{AD9AA492-418E-44BE-8BB0-682ACEE2EEA0}.Debug|Any CPU.ActiveCfg = Debug|Any CPU
		{AD9AA492-418E-44BE-8BB0-682ACEE2EEA0}.Debug|Any CPU.Build.0 = Debug|Any CPU
		{AD9AA492-418E-44BE-8BB0-682ACEE2EEA0}.Release|Any CPU.ActiveCfg = Release|Any CPU
		{AD9AA492-418E-44BE-8BB0-682ACEE2EEA0}.Release|Any CPU.Build.0 = Release|Any CPU
		{9D40DA4A-7CAC-4974-97AD-FC73657CC13D}.Debug|Any CPU.ActiveCfg = Debug|Any CPU
		{9D40DA4A-7CAC-4974-97AD-FC73657CC13D}.Debug|Any CPU.Build.0 = Debug|Any CPU
		{9D40DA4A-7CAC-4974-97AD-FC73657CC13D}.Release|Any CPU.ActiveCfg = Release|Any CPU
		{9D40DA4A-7CAC-4974-97AD-FC73657CC13D}.Release|Any CPU.Build.0 = Release|Any CPU
		{518A0B09-DE34-49E9-AB49-75CF8F267C4D}.Debug|Any CPU.ActiveCfg = Debug|Any CPU
		{518A0B09-DE34-49E9-AB49-75CF8F267C4D}.Debug|Any CPU.Build.0 = Debug|Any CPU
		{518A0B09-DE34-49E9-AB49-75CF8F267C4D}.Release|Any CPU.ActiveCfg = Release|Any CPU
		{518A0B09-DE34-49E9-AB49-75CF8F267C4D}.Release|Any CPU.Build.0 = Release|Any CPU
		{48A94751-8CAD-447E-A4CA-7D5F6A0A532A}.Debug|Any CPU.ActiveCfg = Debug|Any CPU
		{48A94751-8CAD-447E-A4CA-7D5F6A0A532A}.Debug|Any CPU.Build.0 = Debug|Any CPU
		{48A94751-8CAD-447E-A4CA-7D5F6A0A532A}.Release|Any CPU.ActiveCfg = Release|Any CPU
		{48A94751-8CAD-447E-A4CA-7D5F6A0A532A}.Release|Any CPU.Build.0 = Release|Any CPU
		{EA446D6A-BE3A-4AAF-8E94-CFAB45F1B5F5}.Debug|Any CPU.ActiveCfg = Debug|Any CPU
		{EA446D6A-BE3A-4AAF-8E94-CFAB45F1B5F5}.Debug|Any CPU.Build.0 = Debug|Any CPU
		{EA446D6A-BE3A-4AAF-8E94-CFAB45F1B5F5}.Release|Any CPU.ActiveCfg = Release|Any CPU
		{EA446D6A-BE3A-4AAF-8E94-CFAB45F1B5F5}.Release|Any CPU.Build.0 = Release|Any CPU
		{B194DE7F-DD36-418B-AC55-593BE0893905}.Debug|Any CPU.ActiveCfg = Debug|Any CPU
		{B194DE7F-DD36-418B-AC55-593BE0893905}.Debug|Any CPU.Build.0 = Debug|Any CPU
		{B194DE7F-DD36-418B-AC55-593BE0893905}.Release|Any CPU.ActiveCfg = Release|Any CPU
		{B194DE7F-DD36-418B-AC55-593BE0893905}.Release|Any CPU.Build.0 = Release|Any CPU
		{EFDD1278-51D1-4090-B70E-3794DEBB30AF}.Debug|Any CPU.ActiveCfg = Debug|Any CPU
		{EFDD1278-51D1-4090-B70E-3794DEBB30AF}.Debug|Any CPU.Build.0 = Debug|Any CPU
		{EFDD1278-51D1-4090-B70E-3794DEBB30AF}.Release|Any CPU.ActiveCfg = Release|Any CPU
		{EFDD1278-51D1-4090-B70E-3794DEBB30AF}.Release|Any CPU.Build.0 = Release|Any CPU
		{24CC3C84-B2F1-4906-BCE7-D6FC451F5210}.Debug|Any CPU.ActiveCfg = Debug|Any CPU
		{24CC3C84-B2F1-4906-BCE7-D6FC451F5210}.Debug|Any CPU.Build.0 = Debug|Any CPU
		{24CC3C84-B2F1-4906-BCE7-D6FC451F5210}.Release|Any CPU.ActiveCfg = Release|Any CPU
		{24CC3C84-B2F1-4906-BCE7-D6FC451F5210}.Release|Any CPU.Build.0 = Release|Any CPU
		{CE0314B8-DD85-450F-8989-B391ED3C097F}.Debug|Any CPU.ActiveCfg = Debug|Any CPU
		{CE0314B8-DD85-450F-8989-B391ED3C097F}.Debug|Any CPU.Build.0 = Debug|Any CPU
		{CE0314B8-DD85-450F-8989-B391ED3C097F}.Release|Any CPU.ActiveCfg = Release|Any CPU
		{CE0314B8-DD85-450F-8989-B391ED3C097F}.Release|Any CPU.Build.0 = Release|Any CPU
		{3EE66D32-DF68-43CA-99FE-10CA6D09543A}.Debug|Any CPU.ActiveCfg = Debug|Any CPU
		{3EE66D32-DF68-43CA-99FE-10CA6D09543A}.Debug|Any CPU.Build.0 = Debug|Any CPU
		{3EE66D32-DF68-43CA-99FE-10CA6D09543A}.Release|Any CPU.ActiveCfg = Release|Any CPU
		{3EE66D32-DF68-43CA-99FE-10CA6D09543A}.Release|Any CPU.Build.0 = Release|Any CPU
		{507118CA-EFEB-409E-BFAD-97AE6452B26D}.Debug|Any CPU.ActiveCfg = Debug|Any CPU
		{507118CA-EFEB-409E-BFAD-97AE6452B26D}.Debug|Any CPU.Build.0 = Debug|Any CPU
		{507118CA-EFEB-409E-BFAD-97AE6452B26D}.Release|Any CPU.ActiveCfg = Release|Any CPU
		{507118CA-EFEB-409E-BFAD-97AE6452B26D}.Release|Any CPU.Build.0 = Release|Any CPU
	EndGlobalSection
	GlobalSection(SolutionProperties) = preSolution
		HideSolutionNode = FALSE
	EndGlobalSection
	GlobalSection(NestedProjects) = preSolution
		{EFDD1278-51D1-4090-B70E-3794DEBB30AF} = {D472833A-0D57-4D98-A8AC-FB56DD6409B7}
		{24CC3C84-B2F1-4906-BCE7-D6FC451F5210} = {D472833A-0D57-4D98-A8AC-FB56DD6409B7}
		{CE0314B8-DD85-450F-8989-B391ED3C097F} = {D472833A-0D57-4D98-A8AC-FB56DD6409B7}
		{3EE66D32-DF68-43CA-99FE-10CA6D09543A} = {D472833A-0D57-4D98-A8AC-FB56DD6409B7}
		{507118CA-EFEB-409E-BFAD-97AE6452B26D} = {D472833A-0D57-4D98-A8AC-FB56DD6409B7}
	EndGlobalSection
	GlobalSection(ExtensibilityGlobals) = postSolution
		SolutionGuid = {1CC4AEFF-9ABC-4E72-AB5B-8E03C5B9C4AD}
	EndGlobalSection
EndGlobal
