
Microsoft Visual Studio Solution File, Format Version 12.00
# Visual Studio 15
VisualStudioVersion = 15.0.27130.2036
MinimumVisualStudioVersion = 10.0.40219.1
Project("{2150E333-8FDC-42A3-9474-1A3956D46DE8}") = "Web", "Web", "{9664E569-1F21-4160-B2F8-51FB52B16AB8}"
EndProject
Project("{2150E333-8FDC-42A3-9474-1A3956D46DE8}") = "Services", "Services", "{5F9DFE41-9B05-4AD9-8D34-AC648CE17D97}"
EndProject
Project("{2150E333-8FDC-42A3-9474-1A3956D46DE8}") = "Location", "Location", "{E83DB7CB-7FE1-4FA1-8A4D-3BAC2FED1066}"
EndProject
Project("{9A19103F-16F7-4668-BE54-9A1E7A4F7556}") = "ReviewApp.Web.Api", "Web.Api\ReviewApp.Web.Api\ReviewApp.Web.Api.csproj", "{76545FCD-7BC8-4E84-8F98-533793133AD1}"
EndProject
Project("{9A19103F-16F7-4668-BE54-9A1E7A4F7556}") = "ReviewApp.Web.Core", "Web.Api\ReviewApp.Web.Core\ReviewApp.Web.Core.csproj", "{9381C0E8-9901-46AA-A072-C82F14CF226B}"
EndProject
Project("{9A19103F-16F7-4668-BE54-9A1E7A4F7556}") = "ReviewApp.Web.DataAccess", "Web.Api\ReviewApp.Web.DataAccess\ReviewApp.Web.DataAccess.csproj", "{AE7E299B-BA6F-46D3-AC1B-13F1B930DCB0}"
EndProject
Project("{9A19103F-16F7-4668-BE54-9A1E7A4F7556}") = "ReviewApp.Web.Services", "Web.Api\ReviewApp.Web.Services\ReviewApp.Web.Services.csproj", "{8AF6AC25-BEE0-4CE0-91BC-5D9CF23613CF}"
EndProject
Project("{9A19103F-16F7-4668-BE54-9A1E7A4F7556}") = "ReviewApp.Web.UnitTests", "Web.Api\ReviewApp.Web.UnitTests\ReviewApp.Web.UnitTests.csproj", "{1E6FC6B5-A695-43D3-9F62-11715D246A6F}"
EndProject
Project("{2150E333-8FDC-42A3-9474-1A3956D46DE8}") = "Shared", "Shared", "{97AB56D5-8FA3-457C-BEA4-E62D5084C162}"
EndProject
Project("{9A19103F-16F7-4668-BE54-9A1E7A4F7556}") = "ReviewApp.ServiceBusAdapter", "Shared\ReviewApp.ServiceBusAdapter\ReviewApp.ServiceBusAdapter.csproj", "{C09EB89F-B42F-42D7-BA67-D32B025958D5}"
EndProject
Project("{9A19103F-16F7-4668-BE54-9A1E7A4F7556}") = "ReviewApp.ServiceBusAdapter.Abstractions", "Shared\ReviewApp.ServiceBusAdapter.Abstractions\ReviewApp.ServiceBusAdapter.Abstractions.csproj", "{138007AC-F5BB-4F5E-8280-3C9F33E571A0}"
EndProject
Project("{9A19103F-16F7-4668-BE54-9A1E7A4F7556}") = "ReviewApp.Utilities", "Shared\ReviewApp.Utilities\ReviewApp.Utilities.csproj", "{A6ADED7D-0EDA-40A7-BCF9-DE652FA940FD}"
EndProject
Project("{9A19103F-16F7-4668-BE54-9A1E7A4F7556}") = "ReviewApp.TransferObjects", "Shared\ReviewApp.TransferObjects\ReviewApp.TransferObjects.csproj", "{A6991BE8-55F9-4104-B37C-D5EEAE501871}"
EndProject
Project("{9A19103F-16F7-4668-BE54-9A1E7A4F7556}") = "ReviewApp.Utilities.Tests", "Shared\ReviewApp.Utilities.Tests\ReviewApp.Utilities.Tests.csproj", "{A1C22D97-1F4A-46B0-B18D-8F5EF8639318}"
EndProject
Project("{9A19103F-16F7-4668-BE54-9A1E7A4F7556}") = "ReviewApp.Location.Api", "Services\Location\ReviewApp.Location.Api\ReviewApp.Location.Api.csproj", "{9ADCF7E2-34F4-41AD-8D9D-DD37400510EC}"
EndProject
Project("{9A19103F-16F7-4668-BE54-9A1E7A4F7556}") = "ReviewApp.Location.Tests", "Services\Location\ReviewApp.Location.Api.Tests\ReviewApp.Location.Tests.csproj", "{B9DD0CFD-06E1-4CBF-A498-542C33116DBB}"
EndProject
Project("{9A19103F-16F7-4668-BE54-9A1E7A4F7556}") = "ReviewApp.Location.Core", "Services\Location\ReviewApp.Location.Core\ReviewApp.Location.Core.csproj", "{F47353A8-2B42-4EDB-A3DC-A55E912D2F21}"
EndProject
Project("{9A19103F-16F7-4668-BE54-9A1E7A4F7556}") = "ReviewApp.Location.Infrastructure", "Services\Location\ReviewApp.Location.Infrastructure\ReviewApp.Location.Infrastructure.csproj", "{A8693257-5605-4126-888C-B252D11B15C6}"
EndProject
Project("{E53339B2-1760-4266-BCC7-CA923CBCF16C}") = "docker-compose", "docker-compose.dcproj", "{17FD7784-0AB2-4056-A5E0-76CA88152A06}"
EndProject
Global
	GlobalSection(SolutionConfigurationPlatforms) = preSolution
		Debug|Any CPU = Debug|Any CPU
		Release|Any CPU = Release|Any CPU
	EndGlobalSection
	GlobalSection(ProjectConfigurationPlatforms) = postSolution
		{76545FCD-7BC8-4E84-8F98-533793133AD1}.Debug|Any CPU.ActiveCfg = Debug|Any CPU
		{76545FCD-7BC8-4E84-8F98-533793133AD1}.Debug|Any CPU.Build.0 = Debug|Any CPU
		{76545FCD-7BC8-4E84-8F98-533793133AD1}.Release|Any CPU.ActiveCfg = Release|Any CPU
		{76545FCD-7BC8-4E84-8F98-533793133AD1}.Release|Any CPU.Build.0 = Release|Any CPU
		{9381C0E8-9901-46AA-A072-C82F14CF226B}.Debug|Any CPU.ActiveCfg = Debug|Any CPU
		{9381C0E8-9901-46AA-A072-C82F14CF226B}.Debug|Any CPU.Build.0 = Debug|Any CPU
		{9381C0E8-9901-46AA-A072-C82F14CF226B}.Release|Any CPU.ActiveCfg = Release|Any CPU
		{9381C0E8-9901-46AA-A072-C82F14CF226B}.Release|Any CPU.Build.0 = Release|Any CPU
		{AE7E299B-BA6F-46D3-AC1B-13F1B930DCB0}.Debug|Any CPU.ActiveCfg = Debug|Any CPU
		{AE7E299B-BA6F-46D3-AC1B-13F1B930DCB0}.Debug|Any CPU.Build.0 = Debug|Any CPU
		{AE7E299B-BA6F-46D3-AC1B-13F1B930DCB0}.Release|Any CPU.ActiveCfg = Release|Any CPU
		{AE7E299B-BA6F-46D3-AC1B-13F1B930DCB0}.Release|Any CPU.Build.0 = Release|Any CPU
		{8AF6AC25-BEE0-4CE0-91BC-5D9CF23613CF}.Debug|Any CPU.ActiveCfg = Debug|Any CPU
		{8AF6AC25-BEE0-4CE0-91BC-5D9CF23613CF}.Debug|Any CPU.Build.0 = Debug|Any CPU
		{8AF6AC25-BEE0-4CE0-91BC-5D9CF23613CF}.Release|Any CPU.ActiveCfg = Release|Any CPU
		{8AF6AC25-BEE0-4CE0-91BC-5D9CF23613CF}.Release|Any CPU.Build.0 = Release|Any CPU
		{1E6FC6B5-A695-43D3-9F62-11715D246A6F}.Debug|Any CPU.ActiveCfg = Debug|Any CPU
		{1E6FC6B5-A695-43D3-9F62-11715D246A6F}.Debug|Any CPU.Build.0 = Debug|Any CPU
		{1E6FC6B5-A695-43D3-9F62-11715D246A6F}.Release|Any CPU.ActiveCfg = Release|Any CPU
		{1E6FC6B5-A695-43D3-9F62-11715D246A6F}.Release|Any CPU.Build.0 = Release|Any CPU
		{C09EB89F-B42F-42D7-BA67-D32B025958D5}.Debug|Any CPU.ActiveCfg = Debug|Any CPU
		{C09EB89F-B42F-42D7-BA67-D32B025958D5}.Debug|Any CPU.Build.0 = Debug|Any CPU
		{C09EB89F-B42F-42D7-BA67-D32B025958D5}.Release|Any CPU.ActiveCfg = Release|Any CPU
		{C09EB89F-B42F-42D7-BA67-D32B025958D5}.Release|Any CPU.Build.0 = Release|Any CPU
		{138007AC-F5BB-4F5E-8280-3C9F33E571A0}.Debug|Any CPU.ActiveCfg = Debug|Any CPU
		{138007AC-F5BB-4F5E-8280-3C9F33E571A0}.Debug|Any CPU.Build.0 = Debug|Any CPU
		{138007AC-F5BB-4F5E-8280-3C9F33E571A0}.Release|Any CPU.ActiveCfg = Release|Any CPU
		{138007AC-F5BB-4F5E-8280-3C9F33E571A0}.Release|Any CPU.Build.0 = Release|Any CPU
		{A6ADED7D-0EDA-40A7-BCF9-DE652FA940FD}.Debug|Any CPU.ActiveCfg = Debug|Any CPU
		{A6ADED7D-0EDA-40A7-BCF9-DE652FA940FD}.Debug|Any CPU.Build.0 = Debug|Any CPU
		{A6ADED7D-0EDA-40A7-BCF9-DE652FA940FD}.Release|Any CPU.ActiveCfg = Release|Any CPU
		{A6ADED7D-0EDA-40A7-BCF9-DE652FA940FD}.Release|Any CPU.Build.0 = Release|Any CPU
		{A6991BE8-55F9-4104-B37C-D5EEAE501871}.Debug|Any CPU.ActiveCfg = Debug|Any CPU
		{A6991BE8-55F9-4104-B37C-D5EEAE501871}.Debug|Any CPU.Build.0 = Debug|Any CPU
		{A6991BE8-55F9-4104-B37C-D5EEAE501871}.Release|Any CPU.ActiveCfg = Release|Any CPU
		{A6991BE8-55F9-4104-B37C-D5EEAE501871}.Release|Any CPU.Build.0 = Release|Any CPU
		{A1C22D97-1F4A-46B0-B18D-8F5EF8639318}.Debug|Any CPU.ActiveCfg = Debug|Any CPU
		{A1C22D97-1F4A-46B0-B18D-8F5EF8639318}.Debug|Any CPU.Build.0 = Debug|Any CPU
		{A1C22D97-1F4A-46B0-B18D-8F5EF8639318}.Release|Any CPU.ActiveCfg = Release|Any CPU
		{A1C22D97-1F4A-46B0-B18D-8F5EF8639318}.Release|Any CPU.Build.0 = Release|Any CPU
		{9ADCF7E2-34F4-41AD-8D9D-DD37400510EC}.Debug|Any CPU.ActiveCfg = Debug|Any CPU
		{9ADCF7E2-34F4-41AD-8D9D-DD37400510EC}.Debug|Any CPU.Build.0 = Debug|Any CPU
		{9ADCF7E2-34F4-41AD-8D9D-DD37400510EC}.Release|Any CPU.ActiveCfg = Release|Any CPU
		{9ADCF7E2-34F4-41AD-8D9D-DD37400510EC}.Release|Any CPU.Build.0 = Release|Any CPU
		{B9DD0CFD-06E1-4CBF-A498-542C33116DBB}.Debug|Any CPU.ActiveCfg = Debug|Any CPU
		{B9DD0CFD-06E1-4CBF-A498-542C33116DBB}.Debug|Any CPU.Build.0 = Debug|Any CPU
		{B9DD0CFD-06E1-4CBF-A498-542C33116DBB}.Release|Any CPU.ActiveCfg = Release|Any CPU
		{B9DD0CFD-06E1-4CBF-A498-542C33116DBB}.Release|Any CPU.Build.0 = Release|Any CPU
		{F47353A8-2B42-4EDB-A3DC-A55E912D2F21}.Debug|Any CPU.ActiveCfg = Debug|Any CPU
		{F47353A8-2B42-4EDB-A3DC-A55E912D2F21}.Debug|Any CPU.Build.0 = Debug|Any CPU
		{F47353A8-2B42-4EDB-A3DC-A55E912D2F21}.Release|Any CPU.ActiveCfg = Release|Any CPU
		{F47353A8-2B42-4EDB-A3DC-A55E912D2F21}.Release|Any CPU.Build.0 = Release|Any CPU
		{A8693257-5605-4126-888C-B252D11B15C6}.Debug|Any CPU.ActiveCfg = Debug|Any CPU
		{A8693257-5605-4126-888C-B252D11B15C6}.Debug|Any CPU.Build.0 = Debug|Any CPU
		{A8693257-5605-4126-888C-B252D11B15C6}.Release|Any CPU.ActiveCfg = Release|Any CPU
		{A8693257-5605-4126-888C-B252D11B15C6}.Release|Any CPU.Build.0 = Release|Any CPU
		{17FD7784-0AB2-4056-A5E0-76CA88152A06}.Debug|Any CPU.ActiveCfg = Debug|Any CPU
		{17FD7784-0AB2-4056-A5E0-76CA88152A06}.Debug|Any CPU.Build.0 = Debug|Any CPU
		{17FD7784-0AB2-4056-A5E0-76CA88152A06}.Release|Any CPU.ActiveCfg = Release|Any CPU
		{17FD7784-0AB2-4056-A5E0-76CA88152A06}.Release|Any CPU.Build.0 = Release|Any CPU
	EndGlobalSection
	GlobalSection(SolutionProperties) = preSolution
		HideSolutionNode = FALSE
	EndGlobalSection
	GlobalSection(NestedProjects) = preSolution
		{E83DB7CB-7FE1-4FA1-8A4D-3BAC2FED1066} = {5F9DFE41-9B05-4AD9-8D34-AC648CE17D97}
		{76545FCD-7BC8-4E84-8F98-533793133AD1} = {9664E569-1F21-4160-B2F8-51FB52B16AB8}
		{9381C0E8-9901-46AA-A072-C82F14CF226B} = {9664E569-1F21-4160-B2F8-51FB52B16AB8}
		{AE7E299B-BA6F-46D3-AC1B-13F1B930DCB0} = {9664E569-1F21-4160-B2F8-51FB52B16AB8}
		{8AF6AC25-BEE0-4CE0-91BC-5D9CF23613CF} = {9664E569-1F21-4160-B2F8-51FB52B16AB8}
		{1E6FC6B5-A695-43D3-9F62-11715D246A6F} = {9664E569-1F21-4160-B2F8-51FB52B16AB8}
		{C09EB89F-B42F-42D7-BA67-D32B025958D5} = {97AB56D5-8FA3-457C-BEA4-E62D5084C162}
		{138007AC-F5BB-4F5E-8280-3C9F33E571A0} = {97AB56D5-8FA3-457C-BEA4-E62D5084C162}
		{A6ADED7D-0EDA-40A7-BCF9-DE652FA940FD} = {97AB56D5-8FA3-457C-BEA4-E62D5084C162}
		{A6991BE8-55F9-4104-B37C-D5EEAE501871} = {97AB56D5-8FA3-457C-BEA4-E62D5084C162}
		{A1C22D97-1F4A-46B0-B18D-8F5EF8639318} = {97AB56D5-8FA3-457C-BEA4-E62D5084C162}
		{9ADCF7E2-34F4-41AD-8D9D-DD37400510EC} = {E83DB7CB-7FE1-4FA1-8A4D-3BAC2FED1066}
		{B9DD0CFD-06E1-4CBF-A498-542C33116DBB} = {E83DB7CB-7FE1-4FA1-8A4D-3BAC2FED1066}
		{F47353A8-2B42-4EDB-A3DC-A55E912D2F21} = {E83DB7CB-7FE1-4FA1-8A4D-3BAC2FED1066}
		{A8693257-5605-4126-888C-B252D11B15C6} = {E83DB7CB-7FE1-4FA1-8A4D-3BAC2FED1066}
	EndGlobalSection
	GlobalSection(ExtensibilityGlobals) = postSolution
		SolutionGuid = {9F4AB356-D921-4809-ABFC-BD559C07E13F}
	EndGlobalSection
EndGlobal
